// !$*UTF8*$!
{
	archiveVersion = 1;
	classes = {
	};
	objectVersion = 46;
	objects = {

/* Begin PBXBuildFile section */
		2D47DCCE19023B7B00F52889 /* Foundation.framework in Frameworks */ = {isa = PBXBuildFile; fileRef = 2D47DCCD19023B7B00F52889 /* Foundation.framework */; };
		2D47DCD019023B7B00F52889 /* CoreGraphics.framework in Frameworks */ = {isa = PBXBuildFile; fileRef = 2D47DCCF19023B7B00F52889 /* CoreGraphics.framework */; };
		2D47DCD219023B7B00F52889 /* UIKit.framework in Frameworks */ = {isa = PBXBuildFile; fileRef = 2D47DCD119023B7B00F52889 /* UIKit.framework */; };
		2D47DCD819023B7B00F52889 /* InfoPlist.strings in Resources */ = {isa = PBXBuildFile; fileRef = 2D47DCD619023B7B00F52889 /* InfoPlist.strings */; };
		2D47DCDA19023B7B00F52889 /* main.m in Sources */ = {isa = PBXBuildFile; fileRef = 2D47DCD919023B7B00F52889 /* main.m */; };
		2D47DCDE19023B7B00F52889 /* BookioAppDelegate.m in Sources */ = {isa = PBXBuildFile; fileRef = 2D47DCDD19023B7B00F52889 /* BookioAppDelegate.m */; };
		2D47DCE119023B7B00F52889 /* Main.storyboard in Resources */ = {isa = PBXBuildFile; fileRef = 2D47DCDF19023B7B00F52889 /* Main.storyboard */; };
		2D47DCE419023B7B00F52889 /* BookioViewController.m in Sources */ = {isa = PBXBuildFile; fileRef = 2D47DCE319023B7B00F52889 /* BookioViewController.m */; };
		2D47DCE619023B7B00F52889 /* Images.xcassets in Resources */ = {isa = PBXBuildFile; fileRef = 2D47DCE519023B7B00F52889 /* Images.xcassets */; };
		2D47DCED19023B7B00F52889 /* XCTest.framework in Frameworks */ = {isa = PBXBuildFile; fileRef = 2D47DCEC19023B7B00F52889 /* XCTest.framework */; };
		2D47DCEE19023B7B00F52889 /* Foundation.framework in Frameworks */ = {isa = PBXBuildFile; fileRef = 2D47DCCD19023B7B00F52889 /* Foundation.framework */; };
		2D47DCEF19023B7B00F52889 /* UIKit.framework in Frameworks */ = {isa = PBXBuildFile; fileRef = 2D47DCD119023B7B00F52889 /* UIKit.framework */; };
		2D47DCF719023B7B00F52889 /* InfoPlist.strings in Resources */ = {isa = PBXBuildFile; fileRef = 2D47DCF519023B7B00F52889 /* InfoPlist.strings */; };
		2D47DCF919023B7B00F52889 /* BookioTests.m in Sources */ = {isa = PBXBuildFile; fileRef = 2D47DCF819023B7B00F52889 /* BookioTests.m */; };
/* End PBXBuildFile section */

/* Begin PBXContainerItemProxy section */
		2D47DCF019023B7B00F52889 /* PBXContainerItemProxy */ = {
			isa = PBXContainerItemProxy;
			containerPortal = 2D47DCC219023B7B00F52889 /* Project object */;
			proxyType = 1;
			remoteGlobalIDString = 2D47DCC919023B7B00F52889;
			remoteInfo = Bookio;
		};
/* End PBXContainerItemProxy section */

/* Begin PBXFileReference section */
		2D47DCCA19023B7B00F52889 /* Bookio.app */ = {isa = PBXFileReference; explicitFileType = wrapper.application; includeInIndex = 0; path = Bookio.app; sourceTree = BUILT_PRODUCTS_DIR; };
		2D47DCCD19023B7B00F52889 /* Foundation.framework */ = {isa = PBXFileReference; lastKnownFileType = wrapper.framework; name = Foundation.framework; path = System/Library/Frameworks/Foundation.framework; sourceTree = SDKROOT; };
		2D47DCCF19023B7B00F52889 /* CoreGraphics.framework */ = {isa = PBXFileReference; lastKnownFileType = wrapper.framework; name = CoreGraphics.framework; path = System/Library/Frameworks/CoreGraphics.framework; sourceTree = SDKROOT; };
		2D47DCD119023B7B00F52889 /* UIKit.framework */ = {isa = PBXFileReference; lastKnownFileType = wrapper.framework; name = UIKit.framework; path = System/Library/Frameworks/UIKit.framework; sourceTree = SDKROOT; };
		2D47DCD519023B7B00F52889 /* Bookio-Info.plist */ = {isa = PBXFileReference; lastKnownFileType = text.plist.xml; path = "Bookio-Info.plist"; sourceTree = "<group>"; };
		2D47DCD719023B7B00F52889 /* en */ = {isa = PBXFileReference; lastKnownFileType = text.plist.strings; name = en; path = en.lproj/InfoPlist.strings; sourceTree = "<group>"; };
		2D47DCD919023B7B00F52889 /* main.m */ = {isa = PBXFileReference; lastKnownFileType = sourcecode.c.objc; path = main.m; sourceTree = "<group>"; };
		2D47DCDB19023B7B00F52889 /* Bookio-Prefix.pch */ = {isa = PBXFileReference; lastKnownFileType = sourcecode.c.h; path = "Bookio-Prefix.pch"; sourceTree = "<group>"; };
		2D47DCDC19023B7B00F52889 /* BookioAppDelegate.h */ = {isa = PBXFileReference; lastKnownFileType = sourcecode.c.h; path = BookioAppDelegate.h; sourceTree = "<group>"; };
		2D47DCDD19023B7B00F52889 /* BookioAppDelegate.m */ = {isa = PBXFileReference; lastKnownFileType = sourcecode.c.objc; path = BookioAppDelegate.m; sourceTree = "<group>"; };
		2D47DCE019023B7B00F52889 /* Base */ = {isa = PBXFileReference; lastKnownFileType = file.storyboard; name = Base; path = Base.lproj/Main.storyboard; sourceTree = "<group>"; };
		2D47DCE219023B7B00F52889 /* BookioViewController.h */ = {isa = PBXFileReference; lastKnownFileType = sourcecode.c.h; path = BookioViewController.h; sourceTree = "<group>"; };
		2D47DCE319023B7B00F52889 /* BookioViewController.m */ = {isa = PBXFileReference; lastKnownFileType = sourcecode.c.objc; path = BookioViewController.m; sourceTree = "<group>"; };
		2D47DCE519023B7B00F52889 /* Images.xcassets */ = {isa = PBXFileReference; lastKnownFileType = folder.assetcatalog; path = Images.xcassets; sourceTree = "<group>"; };
		2D47DCEB19023B7B00F52889 /* BookioTests.xctest */ = {isa = PBXFileReference; explicitFileType = wrapper.cfbundle; includeInIndex = 0; path = BookioTests.xctest; sourceTree = BUILT_PRODUCTS_DIR; };
		2D47DCEC19023B7B00F52889 /* XCTest.framework */ = {isa = PBXFileReference; lastKnownFileType = wrapper.framework; name = XCTest.framework; path = Library/Frameworks/XCTest.framework; sourceTree = DEVELOPER_DIR; };
		2D47DCF419023B7B00F52889 /* BookioTests-Info.plist */ = {isa = PBXFileReference; lastKnownFileType = text.plist.xml; path = "BookioTests-Info.plist"; sourceTree = "<group>"; };
		2D47DCF619023B7B00F52889 /* en */ = {isa = PBXFileReference; lastKnownFileType = text.plist.strings; name = en; path = en.lproj/InfoPlist.strings; sourceTree = "<group>"; };
		2D47DCF819023B7B00F52889 /* BookioTests.m */ = {isa = PBXFileReference; lastKnownFileType = sourcecode.c.objc; path = BookioTests.m; sourceTree = "<group>"; };
/* End PBXFileReference section */

/* Begin PBXFrameworksBuildPhase section */
		2D47DCC719023B7B00F52889 /* Frameworks */ = {
			isa = PBXFrameworksBuildPhase;
			buildActionMask = 2147483647;
			files = (
				2D47DCD019023B7B00F52889 /* CoreGraphics.framework in Frameworks */,
				2D47DCD219023B7B00F52889 /* UIKit.framework in Frameworks */,
				2D47DCCE19023B7B00F52889 /* Foundation.framework in Frameworks */,
			);
			runOnlyForDeploymentPostprocessing = 0;
		};
		2D47DCE819023B7B00F52889 /* Frameworks */ = {
			isa = PBXFrameworksBuildPhase;
			buildActionMask = 2147483647;
			files = (
				2D47DCED19023B7B00F52889 /* XCTest.framework in Frameworks */,
				2D47DCEF19023B7B00F52889 /* UIKit.framework in Frameworks */,
				2D47DCEE19023B7B00F52889 /* Foundation.framework in Frameworks */,
			);
			runOnlyForDeploymentPostprocessing = 0;
		};
/* End PBXFrameworksBuildPhase section */

/* Begin PBXGroup section */
		2D47DCC119023B7B00F52889 = {
			isa = PBXGroup;
			children = (
				2D47DCD319023B7B00F52889 /* Bookio */,
				2D47DCF219023B7B00F52889 /* BookioTests */,
				2D47DCCC19023B7B00F52889 /* Frameworks */,
				2D47DCCB19023B7B00F52889 /* Products */,
			);
			sourceTree = "<group>";
		};
		2D47DCCB19023B7B00F52889 /* Products */ = {
			isa = PBXGroup;
			children = (
				2D47DCCA19023B7B00F52889 /* Bookio.app */,
				2D47DCEB19023B7B00F52889 /* BookioTests.xctest */,
			);
			name = Products;
			sourceTree = "<group>";
		};
		2D47DCCC19023B7B00F52889 /* Frameworks */ = {
			isa = PBXGroup;
			children = (
				2D47DCCD19023B7B00F52889 /* Foundation.framework */,
				2D47DCCF19023B7B00F52889 /* CoreGraphics.framework */,
				2D47DCD119023B7B00F52889 /* UIKit.framework */,
				2D47DCEC19023B7B00F52889 /* XCTest.framework */,
			);
			name = Frameworks;
			sourceTree = "<group>";
		};
		2D47DCD319023B7B00F52889 /* Bookio */ = {
			isa = PBXGroup;
			children = (
				2D47DCDC19023B7B00F52889 /* BookioAppDelegate.h */,
				2D47DCDD19023B7B00F52889 /* BookioAppDelegate.m */,
				2D47DCDF19023B7B00F52889 /* Main.storyboard */,
				2D47DCE219023B7B00F52889 /* BookioViewController.h */,
				2D47DCE319023B7B00F52889 /* BookioViewController.m */,
				2D47DCE519023B7B00F52889 /* Images.xcassets */,
				2D47DCD419023B7B00F52889 /* Supporting Files */,
			);
			path = Bookio;
			sourceTree = "<group>";
		};
		2D47DCD419023B7B00F52889 /* Supporting Files */ = {
			isa = PBXGroup;
			children = (
				2D47DCD519023B7B00F52889 /* Bookio-Info.plist */,
				2D47DCD619023B7B00F52889 /* InfoPlist.strings */,
				2D47DCD919023B7B00F52889 /* main.m */,
				2D47DCDB19023B7B00F52889 /* Bookio-Prefix.pch */,
			);
			name = "Supporting Files";
			sourceTree = "<group>";
		};
		2D47DCF219023B7B00F52889 /* BookioTests */ = {
			isa = PBXGroup;
			children = (
				2D47DCF819023B7B00F52889 /* BookioTests.m */,
				2D47DCF319023B7B00F52889 /* Supporting Files */,
			);
			path = BookioTests;
			sourceTree = "<group>";
		};
		2D47DCF319023B7B00F52889 /* Supporting Files */ = {
			isa = PBXGroup;
			children = (
				2D47DCF419023B7B00F52889 /* BookioTests-Info.plist */,
				2D47DCF519023B7B00F52889 /* InfoPlist.strings */,
			);
			name = "Supporting Files";
			sourceTree = "<group>";
		};
/* End PBXGroup section */

/* Begin PBXNativeTarget section */
		2D47DCC919023B7B00F52889 /* Bookio */ = {
			isa = PBXNativeTarget;
			buildConfigurationList = 2D47DCFC19023B7C00F52889 /* Build configuration list for PBXNativeTarget "Bookio" */;
			buildPhases = (
				2D47DCC619023B7B00F52889 /* Sources */,
				2D47DCC719023B7B00F52889 /* Frameworks */,
				2D47DCC819023B7B00F52889 /* Resources */,
			);
			buildRules = (
			);
			dependencies = (
			);
			name = Bookio;
			productName = Bookio;
			productReference = 2D47DCCA19023B7B00F52889 /* Bookio.app */;
			productType = "com.apple.product-type.application";
		};
		2D47DCEA19023B7B00F52889 /* BookioTests */ = {
			isa = PBXNativeTarget;
			buildConfigurationList = 2D47DCFF19023B7C00F52889 /* Build configuration list for PBXNativeTarget "BookioTests" */;
			buildPhases = (
				2D47DCE719023B7B00F52889 /* Sources */,
				2D47DCE819023B7B00F52889 /* Frameworks */,
				2D47DCE919023B7B00F52889 /* Resources */,
			);
			buildRules = (
			);
			dependencies = (
				2D47DCF119023B7B00F52889 /* PBXTargetDependency */,
			);
			name = BookioTests;
			productName = BookioTests;
			productReference = 2D47DCEB19023B7B00F52889 /* BookioTests.xctest */;
			productType = "com.apple.product-type.bundle.unit-test";
		};
/* End PBXNativeTarget section */

/* Begin PBXProject section */
		2D47DCC219023B7B00F52889 /* Project object */ = {
			isa = PBXProject;
			attributes = {
				CLASSPREFIX = Bookio;
				LastUpgradeCheck = 0510;
				ORGANIZATIONNAME = BookioTeam;
				TargetAttributes = {
					2D47DCEA19023B7B00F52889 = {
						TestTargetID = 2D47DCC919023B7B00F52889;
					};
				};
			};
			buildConfigurationList = 2D47DCC519023B7B00F52889 /* Build configuration list for PBXProject "Bookio" */;
			compatibilityVersion = "Xcode 3.2";
			developmentRegion = English;
			hasScannedForEncodings = 0;
			knownRegions = (
				en,
				Base,
			);
			mainGroup = 2D47DCC119023B7B00F52889;
			productRefGroup = 2D47DCCB19023B7B00F52889 /* Products */;
			projectDirPath = "";
			projectRoot = "";
			targets = (
				2D47DCC919023B7B00F52889 /* Bookio */,
				2D47DCEA19023B7B00F52889 /* BookioTests */,
			);
		};
/* End PBXProject section */

/* Begin PBXResourcesBuildPhase section */
		2D47DCC819023B7B00F52889 /* Resources */ = {
			isa = PBXResourcesBuildPhase;
			buildActionMask = 2147483647;
			files = (
				2D47DCE619023B7B00F52889 /* Images.xcassets in Resources */,
				2D47DCD819023B7B00F52889 /* InfoPlist.strings in Resources */,
				2D47DCE119023B7B00F52889 /* Main.storyboard in Resources */,
			);
			runOnlyForDeploymentPostprocessing = 0;
		};
		2D47DCE919023B7B00F52889 /* Resources */ = {
			isa = PBXResourcesBuildPhase;
			buildActionMask = 2147483647;
			files = (
				2D47DCF719023B7B00F52889 /* InfoPlist.strings in Resources */,
			);
			runOnlyForDeploymentPostprocessing = 0;
		};
/* End PBXResourcesBuildPhase section */

/* Begin PBXSourcesBuildPhase section */
		2D47DCC619023B7B00F52889 /* Sources */ = {
			isa = PBXSourcesBuildPhase;
			buildActionMask = 2147483647;
			files = (
				2D47DCE419023B7B00F52889 /* BookioViewController.m in Sources */,
				2D47DCDA19023B7B00F52889 /* main.m in Sources */,
				2D47DCDE19023B7B00F52889 /* BookioAppDelegate.m in Sources */,
			);
			runOnlyForDeploymentPostprocessing = 0;
		};
		2D47DCE719023B7B00F52889 /* Sources */ = {
			isa = PBXSourcesBuildPhase;
			buildActionMask = 2147483647;
			files = (
				2D47DCF919023B7B00F52889 /* BookioTests.m in Sources */,
			);
			runOnlyForDeploymentPostprocessing = 0;
		};
/* End PBXSourcesBuildPhase section */

/* Begin PBXTargetDependency section */
		2D47DCF119023B7B00F52889 /* PBXTargetDependency */ = {
			isa = PBXTargetDependency;
			target = 2D47DCC919023B7B00F52889 /* Bookio */;
			targetProxy = 2D47DCF019023B7B00F52889 /* PBXContainerItemProxy */;
		};
/* End PBXTargetDependency section */

/* Begin PBXVariantGroup section */
		2D47DCD619023B7B00F52889 /* InfoPlist.strings */ = {
			isa = PBXVariantGroup;
			children = (
				2D47DCD719023B7B00F52889 /* en */,
			);
			name = InfoPlist.strings;
			sourceTree = "<group>";
		};
		2D47DCDF19023B7B00F52889 /* Main.storyboard */ = {
			isa = PBXVariantGroup;
			children = (
				2D47DCE019023B7B00F52889 /* Base */,
			);
			name = Main.storyboard;
			sourceTree = "<group>";
		};
		2D47DCF519023B7B00F52889 /* InfoPlist.strings */ = {
			isa = PBXVariantGroup;
			children = (
				2D47DCF619023B7B00F52889 /* en */,
			);
			name = InfoPlist.strings;
			sourceTree = "<group>";
		};
/* End PBXVariantGroup section */

/* Begin XCBuildConfiguration section */
		2D47DCFA19023B7C00F52889 /* Debug */ = {
			isa = XCBuildConfiguration;
			buildSettings = {
				ALWAYS_SEARCH_USER_PATHS = NO;
				CLANG_CXX_LANGUAGE_STANDARD = "gnu++0x";
				CLANG_CXX_LIBRARY = "libc++";
				CLANG_ENABLE_MODULES = YES;
				CLANG_ENABLE_OBJC_ARC = YES;
				CLANG_WARN_BOOL_CONVERSION = YES;
				CLANG_WARN_CONSTANT_CONVERSION = YES;
				CLANG_WARN_DIRECT_OBJC_ISA_USAGE = YES_ERROR;
				CLANG_WARN_EMPTY_BODY = YES;
				CLANG_WARN_ENUM_CONVERSION = YES;
				CLANG_WARN_INT_CONVERSION = YES;
				CLANG_WARN_OBJC_ROOT_CLASS = YES_ERROR;
				CLANG_WARN__DUPLICATE_METHOD_MATCH = YES;
				"CODE_SIGN_IDENTITY[sdk=iphoneos*]" = "iPhone Developer";
				COPY_PHASE_STRIP = NO;
				GCC_C_LANGUAGE_STANDARD = gnu99;
				GCC_DYNAMIC_NO_PIC = NO;
				GCC_OPTIMIZATION_LEVEL = 0;
				GCC_PREPROCESSOR_DEFINITIONS = (
					"DEBUG=1",
					"$(inherited)",
				);
				GCC_SYMBOLS_PRIVATE_EXTERN = NO;
				GCC_WARN_64_TO_32_BIT_CONVERSION = YES;
				GCC_WARN_ABOUT_RETURN_TYPE = YES_ERROR;
				GCC_WARN_UNDECLARED_SELECTOR = YES;
				GCC_WARN_UNINITIALIZED_AUTOS = YES_AGGRESSIVE;
				GCC_WARN_UNUSED_FUNCTION = YES;
				GCC_WARN_UNUSED_VARIABLE = YES;
				IPHONEOS_DEPLOYMENT_TARGET = 7.1;
				ONLY_ACTIVE_ARCH = YES;
				SDKROOT = iphoneos;
			};
			name = Debug;
		};
		2D47DCFB19023B7C00F52889 /* Release */ = {
			isa = XCBuildConfiguration;
			buildSettings = {
				ALWAYS_SEARCH_USER_PATHS = NO;
				CLANG_CXX_LANGUAGE_STANDARD = "gnu++0x";
				CLANG_CXX_LIBRARY = "libc++";
				CLANG_ENABLE_MODULES = YES;
				CLANG_ENABLE_OBJC_ARC = YES;
				CLANG_WARN_BOOL_CONVERSION = YES;
				CLANG_WARN_CONSTANT_CONVERSION = YES;
				CLANG_WARN_DIRECT_OBJC_ISA_USAGE = YES_ERROR;
				CLANG_WARN_EMPTY_BODY = YES;
				CLANG_WARN_ENUM_CONVERSION = YES;
				CLANG_WARN_INT_CONVERSION = YES;
				CLANG_WARN_OBJC_ROOT_CLASS = YES_ERROR;
				CLANG_WARN__DUPLICATE_METHOD_MATCH = YES;
				"CODE_SIGN_IDENTITY[sdk=iphoneos*]" = "iPhone Developer";
				COPY_PHASE_STRIP = YES;
				ENABLE_NS_ASSERTIONS = NO;
				GCC_C_LANGUAGE_STANDARD = gnu99;
				GCC_WARN_64_TO_32_BIT_CONVERSION = YES;
				GCC_WARN_ABOUT_RETURN_TYPE = YES_ERROR;
				GCC_WARN_UNDECLARED_SELECTOR = YES;
				GCC_WARN_UNINITIALIZED_AUTOS = YES_AGGRESSIVE;
				GCC_WARN_UNUSED_FUNCTION = YES;
				GCC_WARN_UNUSED_VARIABLE = YES;
				IPHONEOS_DEPLOYMENT_TARGET = 7.1;
				SDKROOT = iphoneos;
				VALIDATE_PRODUCT = YES;
			};
			name = Release;
		};
		2D47DCFD19023B7C00F52889 /* Debug */ = {
			isa = XCBuildConfiguration;
			buildSettings = {
				ASSETCATALOG_COMPILER_APPICON_NAME = AppIcon;
				ASSETCATALOG_COMPILER_LAUNCHIMAGE_NAME = LaunchImage;
				GCC_PRECOMPILE_PREFIX_HEADER = YES;
				GCC_PREFIX_HEADER = "Bookio/Bookio-Prefix.pch";
				INFOPLIST_FILE = "Bookio/Bookio-Info.plist";
				PRODUCT_NAME = "$(TARGET_NAME)";
				WRAPPER_EXTENSION = app;
			};
			name = Debug;
		};
		2D47DCFE19023B7C00F52889 /* Release */ = {
			isa = XCBuildConfiguration;
			buildSettings = {
				ASSETCATALOG_COMPILER_APPICON_NAME = AppIcon;
				ASSETCATALOG_COMPILER_LAUNCHIMAGE_NAME = LaunchImage;
				GCC_PRECOMPILE_PREFIX_HEADER = YES;
				GCC_PREFIX_HEADER = "Bookio/Bookio-Prefix.pch";
				INFOPLIST_FILE = "Bookio/Bookio-Info.plist";
				PRODUCT_NAME = "$(TARGET_NAME)";
				WRAPPER_EXTENSION = app;
			};
			name = Release;
		};
		2D47DD0019023B7C00F52889 /* Debug */ = {
			isa = XCBuildConfiguration;
			buildSettings = {
				BUNDLE_LOADER = "$(BUILT_PRODUCTS_DIR)/Bookio.app/Bookio";
				FRAMEWORK_SEARCH_PATHS = (
					"$(SDKROOT)/Developer/Library/Frameworks",
					"$(inherited)",
					"$(DEVELOPER_FRAMEWORKS_DIR)",
				);
				GCC_PRECOMPILE_PREFIX_HEADER = YES;
				GCC_PREFIX_HEADER = "Bookio/Bookio-Prefix.pch";
				GCC_PREPROCESSOR_DEFINITIONS = (
					"DEBUG=1",
					"$(inherited)",
				);
				INFOPLIST_FILE = "BookioTests/BookioTests-Info.plist";
				PRODUCT_NAME = "$(TARGET_NAME)";
				TEST_HOST = "$(BUNDLE_LOADER)";
				WRAPPER_EXTENSION = xctest;
			};
			name = Debug;
		};
		2D47DD0119023B7C00F52889 /* Release */ = {
			isa = XCBuildConfiguration;
			buildSettings = {
				BUNDLE_LOADER = "$(BUILT_PRODUCTS_DIR)/Bookio.app/Bookio";
				FRAMEWORK_SEARCH_PATHS = (
					"$(SDKROOT)/Developer/Library/Frameworks",
					"$(inherited)",
					"$(DEVELOPER_FRAMEWORKS_DIR)",
				);
				GCC_PRECOMPILE_PREFIX_HEADER = YES;
				GCC_PREFIX_HEADER = "Bookio/Bookio-Prefix.pch";
				INFOPLIST_FILE = "BookioTests/BookioTests-Info.plist";
				PRODUCT_NAME = "$(TARGET_NAME)";
				TEST_HOST = "$(BUNDLE_LOADER)";
				WRAPPER_EXTENSION = xctest;
			};
			name = Release;
		};
/* End XCBuildConfiguration section */

/* Begin XCConfigurationList section */
		2D47DCC519023B7B00F52889 /* Build configuration list for PBXProject "Bookio" */ = {
			isa = XCConfigurationList;
			buildConfigurations = (
				2D47DCFA19023B7C00F52889 /* Debug */,
				2D47DCFB19023B7C00F52889 /* Release */,
			);
			defaultConfigurationIsVisible = 0;
			defaultConfigurationName = Release;
		};
		2D47DCFC19023B7C00F52889 /* Build configuration list for PBXNativeTarget "Bookio" */ = {
			isa = XCConfigurationList;
			buildConfigurations = (
				2D47DCFD19023B7C00F52889 /* Debug */,
				2D47DCFE19023B7C00F52889 /* Release */,
			);
			defaultConfigurationIsVisible = 0;
		};
		2D47DCFF19023B7C00F52889 /* Build configuration list for PBXNativeTarget "BookioTests" */ = {
			isa = XCConfigurationList;
			buildConfigurations = (
				2D47DD0019023B7C00F52889 /* Debug */,
				2D47DD0119023B7C00F52889 /* Release */,
			);
			defaultConfigurationIsVisible = 0;
		};
/* End XCConfigurationList section */
	};
	rootObject = 2D47DCC219023B7B00F52889 /* Project object */;
}
